// !$*UTF8*$!
{
	archiveVersion = 1;
	classes = {
	};
	objectVersion = 46;
	objects = {

/* Begin PBXBuildFile section */
		28C0F6E21F264F2100BF9049 /* AppDelegate.swift in Sources */ = {isa = PBXBuildFile; fileRef = 28C0F6E11F264F2100BF9049 /* AppDelegate.swift */; };
		28C0F6E71F264F2100BF9049 /* Main.storyboard in Resources */ = {isa = PBXBuildFile; fileRef = 28C0F6E51F264F2100BF9049 /* Main.storyboard */; };
		28C0F6E91F264F2100BF9049 /* Assets.xcassets in Resources */ = {isa = PBXBuildFile; fileRef = 28C0F6E81F264F2100BF9049 /* Assets.xcassets */; };
		28C0F6EC1F264F2100BF9049 /* LaunchScreen.storyboard in Resources */ = {isa = PBXBuildFile; fileRef = 28C0F6EA1F264F2100BF9049 /* LaunchScreen.storyboard */; };
		28C0F6F71F26611300BF9049 /* Setting.swift in Sources */ = {isa = PBXBuildFile; fileRef = 28C0F6F61F26611300BF9049 /* Setting.swift */; };
		28C0F6F91F26625100BF9049 /* SettingsController.swift in Sources */ = {isa = PBXBuildFile; fileRef = 28C0F6F81F26625100BF9049 /* SettingsController.swift */; };
/* End PBXBuildFile section */

/* Begin PBXFileReference section */
		28C0F6DE1F264F2100BF9049 /* Settings.app */ = {isa = PBXFileReference; explicitFileType = wrapper.application; includeInIndex = 0; path = Settings.app; sourceTree = BUILT_PRODUCTS_DIR; };
		28C0F6E11F264F2100BF9049 /* AppDelegate.swift */ = {isa = PBXFileReference; lastKnownFileType = sourcecode.swift; path = AppDelegate.swift; sourceTree = "<group>"; };
		28C0F6E61F264F2100BF9049 /* Base */ = {isa = PBXFileReference; lastKnownFileType = file.storyboard; name = Base; path = Base.lproj/Main.storyboard; sourceTree = "<group>"; };
		28C0F6E81F264F2100BF9049 /* Assets.xcassets */ = {isa = PBXFileReference; lastKnownFileType = folder.assetcatalog; path = Assets.xcassets; sourceTree = "<group>"; };
		28C0F6EB1F264F2100BF9049 /* Base */ = {isa = PBXFileReference; lastKnownFileType = file.storyboard; name = Base; path = Base.lproj/LaunchScreen.storyboard; sourceTree = "<group>"; };
		28C0F6ED1F264F2100BF9049 /* Info.plist */ = {isa = PBXFileReference; lastKnownFileType = text.plist.xml; path = Info.plist; sourceTree = "<group>"; };
		28C0F6F61F26611300BF9049 /* Setting.swift */ = {isa = PBXFileReference; fileEncoding = 4; lastKnownFileType = sourcecode.swift; path = Setting.swift; sourceTree = "<group>"; };
		28C0F6F81F26625100BF9049 /* SettingsController.swift */ = {isa = PBXFileReference; fileEncoding = 4; lastKnownFileType = sourcecode.swift; path = SettingsController.swift; sourceTree = "<group>"; };
/* End PBXFileReference section */

/* Begin PBXFrameworksBuildPhase section */
		28C0F6DB1F264F2100BF9049 /* Frameworks */ = {
			isa = PBXFrameworksBuildPhase;
			buildActionMask = 2147483647;
			files = (
			);
			runOnlyForDeploymentPostprocessing = 0;
		};
/* End PBXFrameworksBuildPhase section */

/* Begin PBXGroup section */
		28C0F6D51F264F2100BF9049 = {
			isa = PBXGroup;
			children = (
				28C0F6E01F264F2100BF9049 /* Settings */,
				28C0F6DF1F264F2100BF9049 /* Products */,
			);
			sourceTree = "<group>";
		};
		28C0F6DF1F264F2100BF9049 /* Products */ = {
			isa = PBXGroup;
			children = (
				28C0F6DE1F264F2100BF9049 /* Settings.app */,
			);
			name = Products;
			sourceTree = "<group>";
		};
		28C0F6E01F264F2100BF9049 /* Settings */ = {
			isa = PBXGroup;
			children = (
				28C0F6E11F264F2100BF9049 /* AppDelegate.swift */,
				28C0F6F51F2660E700BF9049 /* Data */,
				28C0F6FA1F26625E00BF9049 /* Controllers */,
				28C0F6F41F264F4B00BF9049 /* UI */,
				28C0F6F31F264F2800BF9049 /* Resources */,
			);
			path = Settings;
			sourceTree = "<group>";
		};
		28C0F6F31F264F2800BF9049 /* Resources */ = {
			isa = PBXGroup;
			children = (
				28C0F6E81F264F2100BF9049 /* Assets.xcassets */,
				28C0F6EA1F264F2100BF9049 /* LaunchScreen.storyboard */,
				28C0F6ED1F264F2100BF9049 /* Info.plist */,
			);
			name = Resources;
			sourceTree = "<group>";
		};
		28C0F6F41F264F4B00BF9049 /* UI */ = {
			isa = PBXGroup;
			children = (
				28C0F6E51F264F2100BF9049 /* Main.storyboard */,
			);
			name = UI;
			sourceTree = "<group>";
		};
		28C0F6F51F2660E700BF9049 /* Data */ = {
			isa = PBXGroup;
			children = (
				28C0F6F61F26611300BF9049 /* Setting.swift */,
			);
			name = Data;
			sourceTree = "<group>";
		};
		28C0F6FA1F26625E00BF9049 /* Controllers */ = {
			isa = PBXGroup;
			children = (
				28C0F6F81F26625100BF9049 /* SettingsController.swift */,
			);
			name = Controllers;
			sourceTree = "<group>";
		};
/* End PBXGroup section */

/* Begin PBXNativeTarget section */
		28C0F6DD1F264F2100BF9049 /* Settings */ = {
			isa = PBXNativeTarget;
			buildConfigurationList = 28C0F6F01F264F2100BF9049 /* Build configuration list for PBXNativeTarget "Settings" */;
			buildPhases = (
				28C0F6DA1F264F2100BF9049 /* Sources */,
				28C0F6DB1F264F2100BF9049 /* Frameworks */,
				28C0F6DC1F264F2100BF9049 /* Resources */,
			);
			buildRules = (
			);
			dependencies = (
			);
			name = Settings;
			productName = Settings;
			productReference = 28C0F6DE1F264F2100BF9049 /* Settings.app */;
			productType = "com.apple.product-type.application";
		};
/* End PBXNativeTarget section */

/* Begin PBXProject section */
		28C0F6D61F264F2100BF9049 /* Project object */ = {
			isa = PBXProject;
			attributes = {
				LastSwiftUpdateCheck = 0830;
				LastUpgradeCheck = 0830;
				ORGANIZATIONNAME = "Britton Baird";
				TargetAttributes = {
					28C0F6DD1F264F2100BF9049 = {
						CreatedOnToolsVersion = 8.3.3;
						ProvisioningStyle = Automatic;
					};
				};
			};
			buildConfigurationList = 28C0F6D91F264F2100BF9049 /* Build configuration list for PBXProject "Settings" */;
			compatibilityVersion = "Xcode 3.2";
			developmentRegion = English;
			hasScannedForEncodings = 0;
			knownRegions = (
				en,
				Base,
			);
			mainGroup = 28C0F6D51F264F2100BF9049;
			productRefGroup = 28C0F6DF1F264F2100BF9049 /* Products */;
			projectDirPath = "";
			projectRoot = "";
			targets = (
				28C0F6DD1F264F2100BF9049 /* Settings */,
			);
		};
/* End PBXProject section */

/* Begin PBXResourcesBuildPhase section */
		28C0F6DC1F264F2100BF9049 /* Resources */ = {
			isa = PBXResourcesBuildPhase;
			buildActionMask = 2147483647;
			files = (
				28C0F6EC1F264F2100BF9049 /* LaunchScreen.storyboard in Resources */,
				28C0F6E91F264F2100BF9049 /* Assets.xcassets in Resources */,
				28C0F6E71F264F2100BF9049 /* Main.storyboard in Resources */,
			);
			runOnlyForDeploymentPostprocessing = 0;
		};
/* End PBXResourcesBuildPhase section */

/* Begin PBXSourcesBuildPhase section */
		28C0F6DA1F264F2100BF9049 /* Sources */ = {
			isa = PBXSourcesBuildPhase;
			buildActionMask = 2147483647;
			files = (
				28C0F6F91F26625100BF9049 /* SettingsController.swift in Sources */,
				28C0F6F71F26611300BF9049 /* Setting.swift in Sources */,
				28C0F6E21F264F2100BF9049 /* AppDelegate.swift in Sources */,
			);
			runOnlyForDeploymentPostprocessing = 0;
		};
/* End PBXSourcesBuildPhase section */

/* Begin PBXVariantGroup section */
		28C0F6E51F264F2100BF9049 /* Main.storyboard */ = {
			isa = PBXVariantGroup;
			children = (
				28C0F6E61F264F2100BF9049 /* Base */,
			);
			name = Main.storyboard;
			sourceTree = "<group>";
		};
		28C0F6EA1F264F2100BF9049 /* LaunchScreen.storyboard */ = {
			isa = PBXVariantGroup;
			children = (
				28C0F6EB1F264F2100BF9049 /* Base */,
			);
			name = LaunchScreen.storyboard;
			sourceTree = "<group>";
		};
/* End PBXVariantGroup section */

/* Begin XCBuildConfiguration section */
		28C0F6EE1F264F2100BF9049 /* Debug */ = {
			isa = XCBuildConfiguration;
			buildSettings = {
				ALWAYS_SEARCH_USER_PATHS = NO;
				CLANG_ANALYZER_NONNULL = YES;
				CLANG_ANALYZER_NUMBER_OBJECT_CONVERSION = YES_AGGRESSIVE;
				CLANG_CXX_LANGUAGE_STANDARD = "gnu++0x";
				CLANG_CXX_LIBRARY = "libc++";
				CLANG_ENABLE_MODULES = YES;
				CLANG_ENABLE_OBJC_ARC = YES;
				CLANG_WARN_BOOL_CONVERSION = YES;
				CLANG_WARN_CONSTANT_CONVERSION = YES;
				CLANG_WARN_DIRECT_OBJC_ISA_USAGE = YES_ERROR;
				CLANG_WARN_DOCUMENTATION_COMMENTS = YES;
				CLANG_WARN_EMPTY_BODY = YES;
				CLANG_WARN_ENUM_CONVERSION = YES;
				CLANG_WARN_INFINITE_RECURSION = YES;
				CLANG_WARN_INT_CONVERSION = YES;
				CLANG_WARN_OBJC_ROOT_CLASS = YES_ERROR;
				CLANG_WARN_SUSPICIOUS_MOVE = YES;
				CLANG_WARN_UNREACHABLE_CODE = YES;
				CLANG_WARN__DUPLICATE_METHOD_MATCH = YES;
				"CODE_SIGN_IDENTITY[sdk=iphoneos*]" = "iPhone Developer";
				COPY_PHASE_STRIP = NO;
				DEBUG_INFORMATION_FORMAT = dwarf;
				ENABLE_STRICT_OBJC_MSGSEND = YES;
				ENABLE_TESTABILITY = YES;
				GCC_C_LANGUAGE_STANDARD = gnu99;
				GCC_DYNAMIC_NO_PIC = NO;
				GCC_NO_COMMON_BLOCKS = YES;
				GCC_OPTIMIZATION_LEVEL = 0;
				GCC_PREPROCESSOR_DEFINITIONS = (
					"DEBUG=1",
					"$(inherited)",
				);
				GCC_WARN_64_TO_32_BIT_CONVERSION = YES;
				GCC_WARN_ABOUT_RETURN_TYPE = YES_ERROR;
				GCC_WARN_UNDECLARED_SELECTOR = YES;
				GCC_WARN_UNINITIALIZED_AUTOS = YES_AGGRESSIVE;
				GCC_WARN_UNUSED_FUNCTION = YES;
				GCC_WARN_UNUSED_VARIABLE = YES;
				IPHONEOS_DEPLOYMENT_TARGET = 10.3;
				MTL_ENABLE_DEBUG_INFO = YES;
				ONLY_ACTIVE_ARCH = YES;
				SDKROOT = iphoneos;
				SWIFT_ACTIVE_COMPILATION_CONDITIONS = DEBUG;
				SWIFT_OPTIMIZATION_LEVEL = "-Onone";
				TARGETED_DEVICE_FAMILY = "1,2";
			};
			name = Debug;
		};
		28C0F6EF1F264F2100BF9049 /* Release */ = {
			isa = XCBuildConfiguration;
			buildSettings = {
				ALWAYS_SEARCH_USER_PATHS = NO;
				CLANG_ANALYZER_NONNULL = YES;
				CLANG_ANALYZER_NUMBER_OBJECT_CONVERSION = YES_AGGRESSIVE;
				CLANG_CXX_LANGUAGE_STANDARD = "gnu++0x";
				CLANG_CXX_LIBRARY = "libc++";
				CLANG_ENABLE_MODULES = YES;
				CLANG_ENABLE_OBJC_ARC = YES;
				CLANG_WARN_BOOL_CONVERSION = YES;
				CLANG_WARN_CONSTANT_CONVERSION = YES;
				CLANG_WARN_DIRECT_OBJC_ISA_USAGE = YES_ERROR;
				CLANG_WARN_DOCUMENTATION_COMMENTS = YES;
				CLANG_WARN_EMPTY_BODY = YES;
				CLANG_WARN_ENUM_CONVERSION = YES;
				CLANG_WARN_INFINITE_RECURSION = YES;
				CLANG_WARN_INT_CONVERSION = YES;
				CLANG_WARN_OBJC_ROOT_CLASS = YES_ERROR;
				CLANG_WARN_SUSPICIOUS_MOVE = YES;
				CLANG_WARN_UNREACHABLE_CODE = YES;
				CLANG_WARN__DUPLICATE_METHOD_MATCH = YES;
				"CODE_SIGN_IDENTITY[sdk=iphoneos*]" = "iPhone Developer";
				COPY_PHASE_STRIP = NO;
				DEBUG_INFORMATION_FORMAT = "dwarf-with-dsym";
				ENABLE_NS_ASSERTIONS = NO;
				ENABLE_STRICT_OBJC_MSGSEND = YES;
				GCC_C_LANGUAGE_STANDARD = gnu99;
				GCC_NO_COMMON_BLOCKS = YES;
				GCC_WARN_64_TO_32_BIT_CONVERSION = YES;
				GCC_WARN_ABOUT_RETURN_TYPE = YES_ERROR;
				GCC_WARN_UNDECLARED_SELECTOR = YES;
				GCC_WARN_UNINITIALIZED_AUTOS = YES_AGGRESSIVE;
				GCC_WARN_UNUSED_FUNCTION = YES;
				GCC_WARN_UNUSED_VARIABLE = YES;
				IPHONEOS_DEPLOYMENT_TARGET = 10.3;
				MTL_ENABLE_DEBUG_INFO = NO;
				SDKROOT = iphoneos;
				SWIFT_OPTIMIZATION_LEVEL = "-Owholemodule";
				TARGETED_DEVICE_FAMILY = "1,2";
				VALIDATE_PRODUCT = YES;
			};
			name = Release;
		};
		28C0F6F11F264F2100BF9049 /* Debug */ = {
			isa = XCBuildConfiguration;
			buildSettings = {
				ASSETCATALOG_COMPILER_APPICON_NAME = AppIcon;
				INFOPLIST_FILE = Settings/Info.plist;
				LD_RUNPATH_SEARCH_PATHS = "$(inherited) @executable_path/Frameworks";
				PRODUCT_BUNDLE_IDENTIFIER = com.example.Settings;
				PRODUCT_NAME = "$(TARGET_NAME)";
				SWIFT_VERSION = 3.0;
			};
			name = Debug;
		};
		28C0F6F21F264F2100BF9049 /* Release */ = {
			isa = XCBuildConfiguration;
			buildSettings = {
				ASSETCATALOG_COMPILER_APPICON_NAME = AppIcon;
				INFOPLIST_FILE = Settings/Info.plist;
				LD_RUNPATH_SEARCH_PATHS = "$(inherited) @executable_path/Frameworks";
				PRODUCT_BUNDLE_IDENTIFIER = com.example.Settings;
				PRODUCT_NAME = "$(TARGET_NAME)";
				SWIFT_VERSION = 3.0;
			};
			name = Release;
		};
/* End XCBuildConfiguration section */

/* Begin XCConfigurationList section */
		28C0F6D91F264F2100BF9049 /* Build configuration list for PBXProject "Settings" */ = {
			isa = XCConfigurationList;
			buildConfigurations = (
				28C0F6EE1F264F2100BF9049 /* Debug */,
				28C0F6EF1F264F2100BF9049 /* Release */,
			);
			defaultConfigurationIsVisible = 0;
			defaultConfigurationName = Release;
		};
		28C0F6F01F264F2100BF9049 /* Build configuration list for PBXNativeTarget "Settings" */ = {
			isa = XCConfigurationList;
			buildConfigurations = (
				28C0F6F11F264F2100BF9049 /* Debug */,
				28C0F6F21F264F2100BF9049 /* Release */,
			);
			defaultConfigurationIsVisible = 0;
		};
/* End XCConfigurationList section */
	};
	rootObject = 28C0F6D61F264F2100BF9049 /* Project object */;
}
